
Microsoft Visual Studio Solution File, Format Version 12.00
# Visual Studio Version 16
VisualStudioVersion = 16.0.32602.291
MinimumVisualStudioVersion = 10.0.40219.1
Project("{2150E333-8FDC-42A3-9474-1A3956D46DE8}") = "Domain", "Domain", "{A0C2426E-3F03-4208-8BAC-A312292860FB}"
EndProject
Project("{2150E333-8FDC-42A3-9474-1A3956D46DE8}") = "Infra.Bus", "Infra.Bus", "{211B5FFB-4B29-4913-8957-FB69340EA053}"
EndProject
Project("{2150E333-8FDC-42A3-9474-1A3956D46DE8}") = "Infra.IoC", "Infra.IoC", "{DAAC9E20-A468-449E-BD60-626416878696}"
EndProject
Project("{2150E333-8FDC-42A3-9474-1A3956D46DE8}") = "Microservices", "Microservices", "{2024ECB4-B025-40A0-B4AF-CC45BF79EC2B}"
EndProject
Project("{2150E333-8FDC-42A3-9474-1A3956D46DE8}") = "Presentation", "Presentation", "{F852CD8B-4474-4C59-8092-168840F3CC47}"
EndProject
Project("{FAE04EC0-301F-11D3-BF4B-00C04F79EFBC}") = "MicroRabbit.Domain.Core", "MicroRabbit.Domain.Core\MicroRabbit.Domain.Core.csproj", "{A02A1498-4424-4C89-80D1-8B0BC00FB56B}"
EndProject
Global
	GlobalSection(SolutionConfigurationPlatforms) = preSolution
		Debug|Any CPU = Debug|Any CPU
		Release|Any CPU = Release|Any CPU
	EndGlobalSection
	GlobalSection(ProjectConfigurationPlatforms) = postSolution
		{A02A1498-4424-4C89-80D1-8B0BC00FB56B}.Debug|Any CPU.ActiveCfg = Debug|Any CPU
		{A02A1498-4424-4C89-80D1-8B0BC00FB56B}.Debug|Any CPU.Build.0 = Debug|Any CPU
		{A02A1498-4424-4C89-80D1-8B0BC00FB56B}.Release|Any CPU.ActiveCfg = Release|Any CPU
		{A02A1498-4424-4C89-80D1-8B0BC00FB56B}.Release|Any CPU.Build.0 = Release|Any CPU
	EndGlobalSection
	GlobalSection(SolutionProperties) = preSolution
		HideSolutionNode = FALSE
	EndGlobalSection
	GlobalSection(NestedProjects) = preSolution
		{A02A1498-4424-4C89-80D1-8B0BC00FB56B} = {A0C2426E-3F03-4208-8BAC-A312292860FB}
	EndGlobalSection
	GlobalSection(ExtensibilityGlobals) = postSolution
		SolutionGuid = {366A7B45-4087-423F-8801-A09EB26B7936}
	EndGlobalSection
EndGlobal
